
Microsoft Visual Studio Solution File, Format Version 12.00
# Visual Studio 15
VisualStudioVersion = 15.0.27703.2042
MinimumVisualStudioVersion = 10.0.40219.1
Project("{FAE04EC0-301F-11D3-BF4B-00C04F79EFBC}") = "Validation", "Validation\Validation.csproj", "{9EA12CC4-D32B-4D25-B6E5-EBCF0FF3453A}"
EndProject
Project("{FAE04EC0-301F-11D3-BF4B-00C04F79EFBC}") = "Loggers", "Loggers\Loggers.csproj", "{B249BCF2-F95D-4A4C-81ED-D35480229E16}"
EndProject
Project("{FAE04EC0-301F-11D3-BF4B-00C04F79EFBC}") = "Validation.Tests", "Validation.Tests\Validation.Tests.csproj", "{47886D2E-D47D-4C0E-B07D-EE0957D23381}"
EndProject
Project("{FAE04EC0-301F-11D3-BF4B-00C04F79EFBC}") = "ConsoleApp2", "ConsoleApp2\ConsoleApp2.csproj", "{40F11D5A-EFC7-43CA-935B-A91642523B57}"
EndProject
Global
	GlobalSection(SolutionConfigurationPlatforms) = preSolution
		Debug|Any CPU = Debug|Any CPU
		Release|Any CPU = Release|Any CPU
	EndGlobalSection
	GlobalSection(ProjectConfigurationPlatforms) = postSolution
		{9EA12CC4-D32B-4D25-B6E5-EBCF0FF3453A}.Debug|Any CPU.ActiveCfg = Debug|Any CPU
		{9EA12CC4-D32B-4D25-B6E5-EBCF0FF3453A}.Debug|Any CPU.Build.0 = Debug|Any CPU
		{9EA12CC4-D32B-4D25-B6E5-EBCF0FF3453A}.Release|Any CPU.ActiveCfg = Release|Any CPU
		{9EA12CC4-D32B-4D25-B6E5-EBCF0FF3453A}.Release|Any CPU.Build.0 = Release|Any CPU
		{B249BCF2-F95D-4A4C-81ED-D35480229E16}.Debug|Any CPU.ActiveCfg = Debug|Any CPU
		{B249BCF2-F95D-4A4C-81ED-D35480229E16}.Debug|Any CPU.Build.0 = Debug|Any CPU
		{B249BCF2-F95D-4A4C-81ED-D35480229E16}.Release|Any CPU.ActiveCfg = Release|Any CPU
		{B249BCF2-F95D-4A4C-81ED-D35480229E16}.Release|Any CPU.Build.0 = Release|Any CPU
		{47886D2E-D47D-4C0E-B07D-EE0957D23381}.Debug|Any CPU.ActiveCfg = Debug|Any CPU
		{47886D2E-D47D-4C0E-B07D-EE0957D23381}.Debug|Any CPU.Build.0 = Debug|Any CPU
		{47886D2E-D47D-4C0E-B07D-EE0957D23381}.Release|Any CPU.ActiveCfg = Release|Any CPU
		{47886D2E-D47D-4C0E-B07D-EE0957D23381}.Release|Any CPU.Build.0 = Release|Any CPU
		{40F11D5A-EFC7-43CA-935B-A91642523B57}.Debug|Any CPU.ActiveCfg = Debug|Any CPU
		{40F11D5A-EFC7-43CA-935B-A91642523B57}.Debug|Any CPU.Build.0 = Debug|Any CPU
		{40F11D5A-EFC7-43CA-935B-A91642523B57}.Release|Any CPU.ActiveCfg = Release|Any CPU
		{40F11D5A-EFC7-43CA-935B-A91642523B57}.Release|Any CPU.Build.0 = Release|Any CPU
	EndGlobalSection
	GlobalSection(SolutionProperties) = preSolution
		HideSolutionNode = FALSE
	EndGlobalSection
	GlobalSection(ExtensibilityGlobals) = postSolution
		SolutionGuid = {55C91073-03C4-4FD8-8171-171D5C9BD3BA}
	EndGlobalSection
EndGlobal
