
Microsoft Visual Studio Solution File, Format Version 12.00
# Visual Studio 15
VisualStudioVersion = 15.0.27703.2042
MinimumVisualStudioVersion = 10.0.40219.1
Project("{FAE04EC0-301F-11D3-BF4B-00C04F79EFBC}") = "ValidationCore", "ValidationCOre\ValidationCore.csproj", "{5C848760-6214-4B98-977D-EEC1E1FE878A}"
EndProject
Project("{FAE04EC0-301F-11D3-BF4B-00C04F79EFBC}") = "Pl.Console", "Pl.Console\Pl.Console.csproj", "{1E3C76BF-F337-4E78-B7BA-420A6AE193FE}"
EndProject
Project("{FAE04EC0-301F-11D3-BF4B-00C04F79EFBC}") = "ValidationCore.Tests", "ValidationCore.Tests\ValidationCore.Tests.csproj", "{6F55236A-134C-4084-9BD6-812A32264FB1}"
EndProject
Project("{FAE04EC0-301F-11D3-BF4B-00C04F79EFBC}") = "Logger", "Logger\Logger.csproj", "{307A91B7-9412-48BF-A55B-D997B3B5F1DC}"
EndProject
Global
	GlobalSection(SolutionConfigurationPlatforms) = preSolution
		Debug|Any CPU = Debug|Any CPU
		Release|Any CPU = Release|Any CPU
	EndGlobalSection
	GlobalSection(ProjectConfigurationPlatforms) = postSolution
		{5C848760-6214-4B98-977D-EEC1E1FE878A}.Debug|Any CPU.ActiveCfg = Debug|Any CPU
		{5C848760-6214-4B98-977D-EEC1E1FE878A}.Debug|Any CPU.Build.0 = Debug|Any CPU
		{5C848760-6214-4B98-977D-EEC1E1FE878A}.Release|Any CPU.ActiveCfg = Release|Any CPU
		{5C848760-6214-4B98-977D-EEC1E1FE878A}.Release|Any CPU.Build.0 = Release|Any CPU
		{1E3C76BF-F337-4E78-B7BA-420A6AE193FE}.Debug|Any CPU.ActiveCfg = Debug|Any CPU
		{1E3C76BF-F337-4E78-B7BA-420A6AE193FE}.Debug|Any CPU.Build.0 = Debug|Any CPU
		{1E3C76BF-F337-4E78-B7BA-420A6AE193FE}.Release|Any CPU.ActiveCfg = Release|Any CPU
		{1E3C76BF-F337-4E78-B7BA-420A6AE193FE}.Release|Any CPU.Build.0 = Release|Any CPU
		{6F55236A-134C-4084-9BD6-812A32264FB1}.Debug|Any CPU.ActiveCfg = Debug|Any CPU
		{6F55236A-134C-4084-9BD6-812A32264FB1}.Debug|Any CPU.Build.0 = Debug|Any CPU
		{6F55236A-134C-4084-9BD6-812A32264FB1}.Release|Any CPU.ActiveCfg = Release|Any CPU
		{6F55236A-134C-4084-9BD6-812A32264FB1}.Release|Any CPU.Build.0 = Release|Any CPU
		{307A91B7-9412-48BF-A55B-D997B3B5F1DC}.Debug|Any CPU.ActiveCfg = Debug|Any CPU
		{307A91B7-9412-48BF-A55B-D997B3B5F1DC}.Debug|Any CPU.Build.0 = Debug|Any CPU
		{307A91B7-9412-48BF-A55B-D997B3B5F1DC}.Release|Any CPU.ActiveCfg = Release|Any CPU
		{307A91B7-9412-48BF-A55B-D997B3B5F1DC}.Release|Any CPU.Build.0 = Release|Any CPU
	EndGlobalSection
	GlobalSection(SolutionProperties) = preSolution
		HideSolutionNode = FALSE
	EndGlobalSection
	GlobalSection(ExtensibilityGlobals) = postSolution
		SolutionGuid = {0E10458A-8A8A-4510-BD61-7DA3FD630542}
	EndGlobalSection
EndGlobal
